// !$*UTF8*$!
{
	archiveVersion = 1;
	classes = {
	};
	objectVersion = 46;
	objects = {

/* Begin PBXBuildFile section */
		EA0AB4831D293A8B00FD6A84 /* AppDelegate.m in Sources */ = {isa = PBXBuildFile; fileRef = EA0AB4821D293A8B00FD6A84 /* AppDelegate.m */; };
		EA0AB4861D293A8B00FD6A84 /* main.m in Sources */ = {isa = PBXBuildFile; fileRef = EA0AB4851D293A8B00FD6A84 /* main.m */; };
		EA0AB4881D293A8B00FD6A84 /* Assets.xcassets in Resources */ = {isa = PBXBuildFile; fileRef = EA0AB4871D293A8B00FD6A84 /* Assets.xcassets */; };
		EA0AB48B1D293A8B00FD6A84 /* MainMenu.xib in Resources */ = {isa = PBXBuildFile; fileRef = EA0AB4891D293A8B00FD6A84 /* MainMenu.xib */; };
		EA0AB4961D293B8100FD6A84 /* CustomView.m in Sources */ = {isa = PBXBuildFile; fileRef = EA0AB4931D293B8100FD6A84 /* CustomView.m */; };
		EA0AB4971D293B8100FD6A84 /* CustomWindow.m in Sources */ = {isa = PBXBuildFile; fileRef = EA0AB4951D293B8100FD6A84 /* CustomWindow.m */; };
		EA333C3C1D293D070093A62B /* 1.png in Resources */ = {isa = PBXBuildFile; fileRef = EA333C2D1D293D070093A62B /* 1.png */; };
		EA333C3D1D293D070093A62B /* 2.png in Resources */ = {isa = PBXBuildFile; fileRef = EA333C2E1D293D070093A62B /* 2.png */; };
		EA333C3E1D293D070093A62B /* 3.png in Resources */ = {isa = PBXBuildFile; fileRef = EA333C2F1D293D070093A62B /* 3.png */; };
		EA333C3F1D293D070093A62B /* 4.png in Resources */ = {isa = PBXBuildFile; fileRef = EA333C301D293D070093A62B /* 4.png */; };
		EA333C401D293D070093A62B /* 5.png in Resources */ = {isa = PBXBuildFile; fileRef = EA333C311D293D070093A62B /* 5.png */; };
		EA333C411D293D070093A62B /* 6.png in Resources */ = {isa = PBXBuildFile; fileRef = EA333C321D293D070093A62B /* 6.png */; };
		EA333C421D293D070093A62B /* 7.png in Resources */ = {isa = PBXBuildFile; fileRef = EA333C331D293D070093A62B /* 7.png */; };
		EA333C431D293D070093A62B /* 8.png in Resources */ = {isa = PBXBuildFile; fileRef = EA333C341D293D070093A62B /* 8.png */; };
		EA333C441D293D070093A62B /* 9.png in Resources */ = {isa = PBXBuildFile; fileRef = EA333C351D293D070093A62B /* 9.png */; };
		EA333C451D293D070093A62B /* 10.png in Resources */ = {isa = PBXBuildFile; fileRef = EA333C361D293D070093A62B /* 10.png */; };
		EA333C461D293D070093A62B /* 11.png in Resources */ = {isa = PBXBuildFile; fileRef = EA333C371D293D070093A62B /* 11.png */; };
		EA333C471D293D070093A62B /* 12.png in Resources */ = {isa = PBXBuildFile; fileRef = EA333C381D293D070093A62B /* 12.png */; };
		EA333C481D293D070093A62B /* 13.png in Resources */ = {isa = PBXBuildFile; fileRef = EA333C391D293D070093A62B /* 13.png */; };
		EA333C491D293D070093A62B /* 14.png in Resources */ = {isa = PBXBuildFile; fileRef = EA333C3A1D293D070093A62B /* 14.png */; };
		EA333C4A1D293D070093A62B /* 15.png in Resources */ = {isa = PBXBuildFile; fileRef = EA333C3B1D293D070093A62B /* 15.png */; };
		EA333C4C1D2957A10093A62B /* 0.png in Resources */ = {isa = PBXBuildFile; fileRef = EA333C4B1D2957A10093A62B /* 0.png */; };
		EA333C521D2968E00093A62B /* statusicon.png in Resources */ = {isa = PBXBuildFile; fileRef = EA333C511D2968E00093A62B /* statusicon.png */; };
		EA333C541D296C4E0093A62B /* appicon.png in Resources */ = {isa = PBXBuildFile; fileRef = EA333C531D296C4E0093A62B /* appicon.png */; };
		EACBCC611E0854E700D4F996 /* LICENSE in Resources */ = {isa = PBXBuildFile; fileRef = EACBCC5F1E0854E700D4F996 /* LICENSE */; };
		EACBCC621E0854E700D4F996 /* README.md in Sources */ = {isa = PBXBuildFile; fileRef = EACBCC601E0854E700D4F996 /* README.md */; };
/* End PBXBuildFile section */

/* Begin PBXFileReference section */
		EA0AB47E1D293A8B00FD6A84 /* 角から生えるやつ.app */ = {isa = PBXFileReference; explicitFileType = wrapper.application; includeInIndex = 0; path = "角から生えるやつ.app"; sourceTree = BUILT_PRODUCTS_DIR; };
		EA0AB4811D293A8B00FD6A84 /* AppDelegate.h */ = {isa = PBXFileReference; lastKnownFileType = sourcecode.c.h; path = AppDelegate.h; sourceTree = "<group>"; };
		EA0AB4821D293A8B00FD6A84 /* AppDelegate.m */ = {isa = PBXFileReference; lastKnownFileType = sourcecode.c.objc; path = AppDelegate.m; sourceTree = "<group>"; };
		EA0AB4851D293A8B00FD6A84 /* main.m */ = {isa = PBXFileReference; lastKnownFileType = sourcecode.c.objc; path = main.m; sourceTree = "<group>"; };
		EA0AB4871D293A8B00FD6A84 /* Assets.xcassets */ = {isa = PBXFileReference; lastKnownFileType = folder.assetcatalog; path = Assets.xcassets; sourceTree = "<group>"; };
		EA0AB48A1D293A8B00FD6A84 /* Base */ = {isa = PBXFileReference; lastKnownFileType = file.xib; name = Base; path = Base.lproj/MainMenu.xib; sourceTree = "<group>"; };
		EA0AB48C1D293A8B00FD6A84 /* Info.plist */ = {isa = PBXFileReference; lastKnownFileType = text.plist.xml; path = Info.plist; sourceTree = "<group>"; };
		EA0AB4921D293B8100FD6A84 /* CustomView.h */ = {isa = PBXFileReference; fileEncoding = 4; lastKnownFileType = sourcecode.c.h; path = CustomView.h; sourceTree = "<group>"; };
		EA0AB4931D293B8100FD6A84 /* CustomView.m */ = {isa = PBXFileReference; fileEncoding = 4; lastKnownFileType = sourcecode.c.objc; path = CustomView.m; sourceTree = "<group>"; };
		EA0AB4941D293B8100FD6A84 /* CustomWindow.h */ = {isa = PBXFileReference; fileEncoding = 4; lastKnownFileType = sourcecode.c.h; path = CustomWindow.h; sourceTree = "<group>"; };
		EA0AB4951D293B8100FD6A84 /* CustomWindow.m */ = {isa = PBXFileReference; fileEncoding = 4; lastKnownFileType = sourcecode.c.objc; path = CustomWindow.m; sourceTree = "<group>"; };
		EA333C2D1D293D070093A62B /* 1.png */ = {isa = PBXFileReference; lastKnownFileType = image.png; path = 1.png; sourceTree = "<group>"; };
		EA333C2E1D293D070093A62B /* 2.png */ = {isa = PBXFileReference; lastKnownFileType = image.png; path = 2.png; sourceTree = "<group>"; };
		EA333C2F1D293D070093A62B /* 3.png */ = {isa = PBXFileReference; lastKnownFileType = image.png; path = 3.png; sourceTree = "<group>"; };
		EA333C301D293D070093A62B /* 4.png */ = {isa = PBXFileReference; lastKnownFileType = image.png; path = 4.png; sourceTree = "<group>"; };
		EA333C311D293D070093A62B /* 5.png */ = {isa = PBXFileReference; lastKnownFileType = image.png; path = 5.png; sourceTree = "<group>"; };
		EA333C321D293D070093A62B /* 6.png */ = {isa = PBXFileReference; lastKnownFileType = image.png; path = 6.png; sourceTree = "<group>"; };
		EA333C331D293D070093A62B /* 7.png */ = {isa = PBXFileReference; lastKnownFileType = image.png; path = 7.png; sourceTree = "<group>"; };
		EA333C341D293D070093A62B /* 8.png */ = {isa = PBXFileReference; lastKnownFileType = image.png; path = 8.png; sourceTree = "<group>"; };
		EA333C351D293D070093A62B /* 9.png */ = {isa = PBXFileReference; lastKnownFileType = image.png; path = 9.png; sourceTree = "<group>"; };
		EA333C361D293D070093A62B /* 10.png */ = {isa = PBXFileReference; lastKnownFileType = image.png; path = 10.png; sourceTree = "<group>"; };
		EA333C371D293D070093A62B /* 11.png */ = {isa = PBXFileReference; lastKnownFileType = image.png; path = 11.png; sourceTree = "<group>"; };
		EA333C381D293D070093A62B /* 12.png */ = {isa = PBXFileReference; lastKnownFileType = image.png; path = 12.png; sourceTree = "<group>"; };
		EA333C391D293D070093A62B /* 13.png */ = {isa = PBXFileReference; lastKnownFileType = image.png; path = 13.png; sourceTree = "<group>"; };
		EA333C3A1D293D070093A62B /* 14.png */ = {isa = PBXFileReference; lastKnownFileType = image.png; path = 14.png; sourceTree = "<group>"; };
		EA333C3B1D293D070093A62B /* 15.png */ = {isa = PBXFileReference; lastKnownFileType = image.png; path = 15.png; sourceTree = "<group>"; };
		EA333C4B1D2957A10093A62B /* 0.png */ = {isa = PBXFileReference; lastKnownFileType = image.png; path = 0.png; sourceTree = "<group>"; };
		EA333C511D2968E00093A62B /* statusicon.png */ = {isa = PBXFileReference; lastKnownFileType = image.png; path = statusicon.png; sourceTree = "<group>"; };
		EA333C531D296C4E0093A62B /* appicon.png */ = {isa = PBXFileReference; lastKnownFileType = image.png; path = appicon.png; sourceTree = "<group>"; };
		EACBCC5F1E0854E700D4F996 /* LICENSE */ = {isa = PBXFileReference; fileEncoding = 4; lastKnownFileType = text; path = LICENSE; sourceTree = "<group>"; };
		EACBCC601E0854E700D4F996 /* README.md */ = {isa = PBXFileReference; fileEncoding = 4; lastKnownFileType = net.daringfireball.markdown; path = README.md; sourceTree = "<group>"; };
		EAEF0C7E1D2A3BAF008CEE91 /* QuartzCore.framework */ = {isa = PBXFileReference; lastKnownFileType = wrapper.framework; name = QuartzCore.framework; path = System/Library/Frameworks/QuartzCore.framework; sourceTree = SDKROOT; };
/* End PBXFileReference section */

/* Begin PBXFrameworksBuildPhase section */
		EA0AB47B1D293A8B00FD6A84 /* Frameworks */ = {
			isa = PBXFrameworksBuildPhase;
			buildActionMask = 2147483647;
			files = (
			);
			runOnlyForDeploymentPostprocessing = 0;
		};
/* End PBXFrameworksBuildPhase section */

/* Begin PBXGroup section */
		EA0AB4751D293A8B00FD6A84 = {
			isa = PBXGroup;
			children = (
				EACBCC5F1E0854E700D4F996 /* LICENSE */,
				EACBCC601E0854E700D4F996 /* README.md */,
				EAEF0C7E1D2A3BAF008CEE91 /* QuartzCore.framework */,
				EA0AB4801D293A8B00FD6A84 /* 角から生えるやつ */,
				EA0AB47F1D293A8B00FD6A84 /* Products */,
			);
			sourceTree = "<group>";
		};
		EA0AB47F1D293A8B00FD6A84 /* Products */ = {
			isa = PBXGroup;
			children = (
				EA0AB47E1D293A8B00FD6A84 /* 角から生えるやつ.app */,
			);
			name = Products;
			sourceTree = "<group>";
		};
		EA0AB4801D293A8B00FD6A84 /* 角から生えるやつ */ = {
			isa = PBXGroup;
			children = (
				EA0AB4811D293A8B00FD6A84 /* AppDelegate.h */,
				EA0AB4821D293A8B00FD6A84 /* AppDelegate.m */,
				EA0AB4941D293B8100FD6A84 /* CustomWindow.h */,
				EA0AB4951D293B8100FD6A84 /* CustomWindow.m */,
				EA0AB4921D293B8100FD6A84 /* CustomView.h */,
				EA0AB4931D293B8100FD6A84 /* CustomView.m */,
				EA0AB4871D293A8B00FD6A84 /* Assets.xcassets */,
				EA0AB4891D293A8B00FD6A84 /* MainMenu.xib */,
				EA0AB48C1D293A8B00FD6A84 /* Info.plist */,
				EA333C2C1D293CDC0093A62B /* Resources */,
				EA0AB4841D293A8B00FD6A84 /* Supporting Files */,
			);
			path = "角から生えるやつ";
			sourceTree = "<group>";
		};
		EA0AB4841D293A8B00FD6A84 /* Supporting Files */ = {
			isa = PBXGroup;
			children = (
				EA0AB4851D293A8B00FD6A84 /* main.m */,
			);
			name = "Supporting Files";
			sourceTree = "<group>";
		};
		EA333C2C1D293CDC0093A62B /* Resources */ = {
			isa = PBXGroup;
			children = (
				EA333C531D296C4E0093A62B /* appicon.png */,
				EA333C511D2968E00093A62B /* statusicon.png */,
				EA333C4B1D2957A10093A62B /* 0.png */,
				EA333C2D1D293D070093A62B /* 1.png */,
				EA333C2E1D293D070093A62B /* 2.png */,
				EA333C2F1D293D070093A62B /* 3.png */,
				EA333C301D293D070093A62B /* 4.png */,
				EA333C311D293D070093A62B /* 5.png */,
				EA333C321D293D070093A62B /* 6.png */,
				EA333C331D293D070093A62B /* 7.png */,
				EA333C341D293D070093A62B /* 8.png */,
				EA333C351D293D070093A62B /* 9.png */,
				EA333C361D293D070093A62B /* 10.png */,
				EA333C371D293D070093A62B /* 11.png */,
				EA333C381D293D070093A62B /* 12.png */,
				EA333C391D293D070093A62B /* 13.png */,
				EA333C3A1D293D070093A62B /* 14.png */,
				EA333C3B1D293D070093A62B /* 15.png */,
			);
			name = Resources;
			sourceTree = "<group>";
		};
/* End PBXGroup section */

/* Begin PBXNativeTarget section */
		EA0AB47D1D293A8B00FD6A84 /* 角から生えるやつ */ = {
			isa = PBXNativeTarget;
			buildConfigurationList = EA0AB48F1D293A8B00FD6A84 /* Build configuration list for PBXNativeTarget "角から生えるやつ" */;
			buildPhases = (
				EA0AB47A1D293A8B00FD6A84 /* Sources */,
				EA0AB47B1D293A8B00FD6A84 /* Frameworks */,
				EA0AB47C1D293A8B00FD6A84 /* Resources */,
			);
			buildRules = (
			);
			dependencies = (
			);
			name = "角から生えるやつ";
			productName = "角から生えるやつ";
			productReference = EA0AB47E1D293A8B00FD6A84 /* 角から生えるやつ.app */;
			productType = "com.apple.product-type.application";
		};
/* End PBXNativeTarget section */

/* Begin PBXProject section */
		EA0AB4761D293A8B00FD6A84 /* Project object */ = {
			isa = PBXProject;
			attributes = {
				LastUpgradeCheck = 0730;
				ORGANIZATIONNAME = "Tomonori Ohba";
				TargetAttributes = {
					EA0AB47D1D293A8B00FD6A84 = {
						CreatedOnToolsVersion = 7.3.1;
					};
				};
			};
			buildConfigurationList = EA0AB4791D293A8B00FD6A84 /* Build configuration list for PBXProject "角から生えるやつ" */;
			compatibilityVersion = "Xcode 3.2";
			developmentRegion = English;
			hasScannedForEncodings = 0;
			knownRegions = (
				en,
				Base,
			);
			mainGroup = EA0AB4751D293A8B00FD6A84;
			productRefGroup = EA0AB47F1D293A8B00FD6A84 /* Products */;
			projectDirPath = "";
			projectRoot = "";
			targets = (
				EA0AB47D1D293A8B00FD6A84 /* 角から生えるやつ */,
			);
		};
/* End PBXProject section */

/* Begin PBXResourcesBuildPhase section */
		EA0AB47C1D293A8B00FD6A84 /* Resources */ = {
			isa = PBXResourcesBuildPhase;
			buildActionMask = 2147483647;
			files = (
				EA333C541D296C4E0093A62B /* appicon.png in Resources */,
				EA333C461D293D070093A62B /* 11.png in Resources */,
				EA333C441D293D070093A62B /* 9.png in Resources */,
				EACBCC611E0854E700D4F996 /* LICENSE in Resources */,
				EA333C4A1D293D070093A62B /* 15.png in Resources */,
				EA333C471D293D070093A62B /* 12.png in Resources */,
				EA333C431D293D070093A62B /* 8.png in Resources */,
				EA333C451D293D070093A62B /* 10.png in Resources */,
				EA333C521D2968E00093A62B /* statusicon.png in Resources */,
				EA333C481D293D070093A62B /* 13.png in Resources */,
				EA333C421D293D070093A62B /* 7.png in Resources */,
				EA333C3F1D293D070093A62B /* 4.png in Resources */,
				EA333C3E1D293D070093A62B /* 3.png in Resources */,
				EA333C3C1D293D070093A62B /* 1.png in Resources */,
				EA0AB4881D293A8B00FD6A84 /* Assets.xcassets in Resources */,
				EA333C4C1D2957A10093A62B /* 0.png in Resources */,
				EA333C401D293D070093A62B /* 5.png in Resources */,
				EA333C3D1D293D070093A62B /* 2.png in Resources */,
				EA333C411D293D070093A62B /* 6.png in Resources */,
				EA333C491D293D070093A62B /* 14.png in Resources */,
				EA0AB48B1D293A8B00FD6A84 /* MainMenu.xib in Resources */,
			);
			runOnlyForDeploymentPostprocessing = 0;
		};
/* End PBXResourcesBuildPhase section */

/* Begin PBXSourcesBuildPhase section */
		EA0AB47A1D293A8B00FD6A84 /* Sources */ = {
			isa = PBXSourcesBuildPhase;
			buildActionMask = 2147483647;
			files = (
				EA0AB4971D293B8100FD6A84 /* CustomWindow.m in Sources */,
				EA0AB4861D293A8B00FD6A84 /* main.m in Sources */,
				EACBCC621E0854E700D4F996 /* README.md in Sources */,
				EA0AB4831D293A8B00FD6A84 /* AppDelegate.m in Sources */,
				EA0AB4961D293B8100FD6A84 /* CustomView.m in Sources */,
			);
			runOnlyForDeploymentPostprocessing = 0;
		};
/* End PBXSourcesBuildPhase section */

/* Begin PBXVariantGroup section */
		EA0AB4891D293A8B00FD6A84 /* MainMenu.xib */ = {
			isa = PBXVariantGroup;
			children = (
				EA0AB48A1D293A8B00FD6A84 /* Base */,
			);
			name = MainMenu.xib;
			sourceTree = "<group>";
		};
/* End PBXVariantGroup section */

/* Begin XCBuildConfiguration section */
		EA0AB48D1D293A8B00FD6A84 /* Debug */ = {
			isa = XCBuildConfiguration;
			buildSettings = {
				ALWAYS_SEARCH_USER_PATHS = NO;
				CLANG_ANALYZER_NONNULL = YES;
				CLANG_CXX_LANGUAGE_STANDARD = "gnu++0x";
				CLANG_CXX_LIBRARY = "libc++";
				CLANG_ENABLE_MODULES = YES;
				CLANG_ENABLE_OBJC_ARC = YES;
				CLANG_WARN_BOOL_CONVERSION = YES;
				CLANG_WARN_CONSTANT_CONVERSION = YES;
				CLANG_WARN_DIRECT_OBJC_ISA_USAGE = YES_ERROR;
				CLANG_WARN_EMPTY_BODY = YES;
				CLANG_WARN_ENUM_CONVERSION = YES;
				CLANG_WARN_INT_CONVERSION = YES;
				CLANG_WARN_OBJC_ROOT_CLASS = YES_ERROR;
				CLANG_WARN_UNREACHABLE_CODE = YES;
				CLANG_WARN__DUPLICATE_METHOD_MATCH = YES;
				CODE_SIGN_IDENTITY = "-";
				COPY_PHASE_STRIP = NO;
				DEBUG_INFORMATION_FORMAT = dwarf;
				ENABLE_STRICT_OBJC_MSGSEND = YES;
				ENABLE_TESTABILITY = YES;
				GCC_C_LANGUAGE_STANDARD = gnu99;
				GCC_DYNAMIC_NO_PIC = NO;
				GCC_NO_COMMON_BLOCKS = YES;
				GCC_OPTIMIZATION_LEVEL = 0;
				GCC_PREPROCESSOR_DEFINITIONS = (
					"DEBUG=1",
					"$(inherited)",
				);
				GCC_WARN_64_TO_32_BIT_CONVERSION = YES;
				GCC_WARN_ABOUT_RETURN_TYPE = YES_ERROR;
				GCC_WARN_UNDECLARED_SELECTOR = YES;
				GCC_WARN_UNINITIALIZED_AUTOS = YES_AGGRESSIVE;
				GCC_WARN_UNUSED_FUNCTION = YES;
				GCC_WARN_UNUSED_VARIABLE = YES;
				MACOSX_DEPLOYMENT_TARGET = 10.11;
				MTL_ENABLE_DEBUG_INFO = YES;
				ONLY_ACTIVE_ARCH = YES;
				SDKROOT = macosx;
			};
			name = Debug;
		};
		EA0AB48E1D293A8B00FD6A84 /* Release */ = {
			isa = XCBuildConfiguration;
			buildSettings = {
				ALWAYS_SEARCH_USER_PATHS = NO;
				CLANG_ANALYZER_NONNULL = YES;
				CLANG_CXX_LANGUAGE_STANDARD = "gnu++0x";
				CLANG_CXX_LIBRARY = "libc++";
				CLANG_ENABLE_MODULES = YES;
				CLANG_ENABLE_OBJC_ARC = YES;
				CLANG_WARN_BOOL_CONVERSION = YES;
				CLANG_WARN_CONSTANT_CONVERSION = YES;
				CLANG_WARN_DIRECT_OBJC_ISA_USAGE = YES_ERROR;
				CLANG_WARN_EMPTY_BODY = YES;
				CLANG_WARN_ENUM_CONVERSION = YES;
				CLANG_WARN_INT_CONVERSION = YES;
				CLANG_WARN_OBJC_ROOT_CLASS = YES_ERROR;
				CLANG_WARN_UNREACHABLE_CODE = YES;
				CLANG_WARN__DUPLICATE_METHOD_MATCH = YES;
				CODE_SIGN_IDENTITY = "-";
				COPY_PHASE_STRIP = NO;
				DEBUG_INFORMATION_FORMAT = "dwarf-with-dsym";
				ENABLE_NS_ASSERTIONS = NO;
				ENABLE_STRICT_OBJC_MSGSEND = YES;
				GCC_C_LANGUAGE_STANDARD = gnu99;
				GCC_NO_COMMON_BLOCKS = YES;
				GCC_WARN_64_TO_32_BIT_CONVERSION = YES;
				GCC_WARN_ABOUT_RETURN_TYPE = YES_ERROR;
				GCC_WARN_UNDECLARED_SELECTOR = YES;
				GCC_WARN_UNINITIALIZED_AUTOS = YES_AGGRESSIVE;
				GCC_WARN_UNUSED_FUNCTION = YES;
				GCC_WARN_UNUSED_VARIABLE = YES;
				MACOSX_DEPLOYMENT_TARGET = 10.11;
				MTL_ENABLE_DEBUG_INFO = NO;
				SDKROOT = macosx;
			};
			name = Release;
		};
		EA0AB4901D293A8B00FD6A84 /* Debug */ = {
			isa = XCBuildConfiguration;
			buildSettings = {
				ASSETCATALOG_COMPILER_APPICON_NAME = AppIcon;
				COMBINE_HIDPI_IMAGES = YES;
				INFOPLIST_FILE = "角から生えるやつ/Info.plist";
				LD_RUNPATH_SEARCH_PATHS = "$(inherited) @executable_path/../Frameworks";
				MACOSX_DEPLOYMENT_TARGET = 10.10;
				PRODUCT_BUNDLE_IDENTIFIER = jp.tworks.osx.kadohae;
				PRODUCT_NAME = "$(TARGET_NAME)";
			};
			name = Debug;
		};
		EA0AB4911D293A8B00FD6A84 /* Release */ = {
			isa = XCBuildConfiguration;
			buildSettings = {
				ASSETCATALOG_COMPILER_APPICON_NAME = AppIcon;
				COMBINE_HIDPI_IMAGES = YES;
				INFOPLIST_FILE = "角から生えるやつ/Info.plist";
				LD_RUNPATH_SEARCH_PATHS = "$(inherited) @executable_path/../Frameworks";
				MACOSX_DEPLOYMENT_TARGET = 10.10;
				PRODUCT_BUNDLE_IDENTIFIER = jp.tworks.osx.kadohae;
				PRODUCT_NAME = "$(TARGET_NAME)";
			};
			name = Release;
		};
/* End XCBuildConfiguration section */

/* Begin XCConfigurationList section */
		EA0AB4791D293A8B00FD6A84 /* Build configuration list for PBXProject "角から生えるやつ" */ = {
			isa = XCConfigurationList;
			buildConfigurations = (
				EA0AB48D1D293A8B00FD6A84 /* Debug */,
				EA0AB48E1D293A8B00FD6A84 /* Release */,
			);
			defaultConfigurationIsVisible = 0;
			defaultConfigurationName = Release;
		};
		EA0AB48F1D293A8B00FD6A84 /* Build configuration list for PBXNativeTarget "角から生えるやつ" */ = {
			isa = XCConfigurationList;
			buildConfigurations = (
				EA0AB4901D293A8B00FD6A84 /* Debug */,
				EA0AB4911D293A8B00FD6A84 /* Release */,
			);
			defaultConfigurationIsVisible = 0;
			defaultConfigurationName = Release;
		};
/* End XCConfigurationList section */
	};
	rootObject = EA0AB4761D293A8B00FD6A84 /* Project object */;
}
